
Microsoft Visual Studio Solution File, Format Version 12.00
# Visual Studio Version 16
VisualStudioVersion = 16.0.29509.3
MinimumVisualStudioVersion = 10.0.40219.1
Project("{FAE04EC0-301F-11D3-BF4B-00C04F79EFBC}") = "SentenceParser", "SentenceParser\SentenceParser.csproj", "{53FBD96E-5341-46DC-9913-58B7F89D3429}"
EndProject
Global
	GlobalSection(SolutionConfigurationPlatforms) = preSolution
		Debug|Any CPU = Debug|Any CPU
		Release|Any CPU = Release|Any CPU
	EndGlobalSection
	GlobalSection(ProjectConfigurationPlatforms) = postSolution
		{53FBD96E-5341-46DC-9913-58B7F89D3429}.Debug|Any CPU.ActiveCfg = Debug|Any CPU
		{53FBD96E-5341-46DC-9913-58B7F89D3429}.Debug|Any CPU.Build.0 = Debug|Any CPU
		{53FBD96E-5341-46DC-9913-58B7F89D3429}.Release|Any CPU.ActiveCfg = Release|Any CPU
		{53FBD96E-5341-46DC-9913-58B7F89D3429}.Release|Any CPU.Build.0 = Release|Any CPU
	EndGlobalSection
	GlobalSection(SolutionProperties) = preSolution
		HideSolutionNode = FALSE
	EndGlobalSection
	GlobalSection(ExtensibilityGlobals) = postSolution
		SolutionGuid = {50B38D53-FBE4-48F5-8833-F9A73C3B6ADB}
	EndGlobalSection
EndGlobal
